
Microsoft Visual Studio Solution File, Format Version 12.00
# Visual Studio 15
Project("{FAE04EC0-301F-11D3-BF4B-00C04F79EFBC}") = "Projet_Unity", "Assembly-CSharp.csproj", "{823086F8-CD7B-E336-4946-44138DD6FEBF}"
EndProject
Project("{FAE04EC0-301F-11D3-BF4B-00C04F79EFBC}") = "Projet_Unity", "Assembly-CSharp-firstpass.csproj", "{B4A0BA3B-421C-DC0D-75B2-B96CCB46487A}"
EndProject
Project("{FAE04EC0-301F-11D3-BF4B-00C04F79EFBC}") = "Projet_Unity", "Assembly-CSharp-Editor-firstpass.csproj", "{C8729324-36AD-D4ED-364D-6EC239784996}"
EndProject
Global
	GlobalSection(SolutionConfigurationPlatforms) = preSolution
		Debug|Any CPU = Debug|Any CPU
		Release|Any CPU = Release|Any CPU
	EndGlobalSection
	GlobalSection(ProjectConfigurationPlatforms) = postSolution
		{823086F8-CD7B-E336-4946-44138DD6FEBF}.Debug|Any CPU.ActiveCfg = Debug|Any CPU
		{823086F8-CD7B-E336-4946-44138DD6FEBF}.Debug|Any CPU.Build.0 = Debug|Any CPU
		{823086F8-CD7B-E336-4946-44138DD6FEBF}.Release|Any CPU.ActiveCfg = Release|Any CPU
		{823086F8-CD7B-E336-4946-44138DD6FEBF}.Release|Any CPU.Build.0 = Release|Any CPU
		{B4A0BA3B-421C-DC0D-75B2-B96CCB46487A}.Debug|Any CPU.ActiveCfg = Debug|Any CPU
		{B4A0BA3B-421C-DC0D-75B2-B96CCB46487A}.Debug|Any CPU.Build.0 = Debug|Any CPU
		{B4A0BA3B-421C-DC0D-75B2-B96CCB46487A}.Release|Any CPU.ActiveCfg = Release|Any CPU
		{B4A0BA3B-421C-DC0D-75B2-B96CCB46487A}.Release|Any CPU.Build.0 = Release|Any CPU
		{C8729324-36AD-D4ED-364D-6EC239784996}.Debug|Any CPU.ActiveCfg = Debug|Any CPU
		{C8729324-36AD-D4ED-364D-6EC239784996}.Debug|Any CPU.Build.0 = Debug|Any CPU
		{C8729324-36AD-D4ED-364D-6EC239784996}.Release|Any CPU.ActiveCfg = Release|Any CPU
		{C8729324-36AD-D4ED-364D-6EC239784996}.Release|Any CPU.Build.0 = Release|Any CPU
	EndGlobalSection
	GlobalSection(SolutionProperties) = preSolution
		HideSolutionNode = FALSE
	EndGlobalSection
EndGlobal
