
Microsoft Visual Studio Solution File, Format Version 12.00
# Visual Studio for Mac
Project("{FAE04EC0-301F-11D3-BF4B-00C04F79EFBC}") = "Assembly-CSharp", "Assembly-CSharp.csproj", "{823086F8-CD7B-E336-4946-44138DD6FEBF}"
EndProject
Project("{FAE04EC0-301F-11D3-BF4B-00C04F79EFBC}") = "Assembly-CSharp-Editor", "Assembly-CSharp-Editor.csproj", "{D0D248DB-A335-1BBB-DC66-6F85228C2F59}"
EndProject
Global
	GlobalSection(SolutionConfigurationPlatforms) = preSolution
		Debug|Any CPU = Debug|Any CPU
		Release|Any CPU = Release|Any CPU
	EndGlobalSection
	GlobalSection(ProjectConfigurationPlatforms) = postSolution
		{823086F8-CD7B-E336-4946-44138DD6FEBF}.Debug|Any CPU.ActiveCfg = Debug|Any CPU
		{823086F8-CD7B-E336-4946-44138DD6FEBF}.Debug|Any CPU.Build.0 = Debug|Any CPU
		{823086F8-CD7B-E336-4946-44138DD6FEBF}.Release|Any CPU.ActiveCfg = Release|Any CPU
		{823086F8-CD7B-E336-4946-44138DD6FEBF}.Release|Any CPU.Build.0 = Release|Any CPU
		{D0D248DB-A335-1BBB-DC66-6F85228C2F59}.Debug|Any CPU.ActiveCfg = Debug|Any CPU
		{D0D248DB-A335-1BBB-DC66-6F85228C2F59}.Debug|Any CPU.Build.0 = Debug|Any CPU
		{D0D248DB-A335-1BBB-DC66-6F85228C2F59}.Release|Any CPU.ActiveCfg = Release|Any CPU
		{D0D248DB-A335-1BBB-DC66-6F85228C2F59}.Release|Any CPU.Build.0 = Release|Any CPU
	EndGlobalSection
	GlobalSection(SolutionProperties) = preSolution
		HideSolutionNode = FALSE
	EndGlobalSection
EndGlobal
